
Microsoft Visual Studio Solution File, Format Version 12.00
# Visual Studio Version 17
VisualStudioVersion = 17.7.34221.43
MinimumVisualStudioVersion = 10.0.40219.1
Project("{FAE04EC0-301F-11D3-BF4B-00C04F79EFBC}") = "StringSession03", "StringSession03\StringSession03.csproj", "{FE9C16E3-B9AA-42AA-BD05-113024E7913F}"
EndProject
Global
	GlobalSection(SolutionConfigurationPlatforms) = preSolution
		Debug|Any CPU = Debug|Any CPU
		Release|Any CPU = Release|Any CPU
	EndGlobalSection
	GlobalSection(ProjectConfigurationPlatforms) = postSolution
		{FE9C16E3-B9AA-42AA-BD05-113024E7913F}.Debug|Any CPU.ActiveCfg = Debug|Any CPU
		{FE9C16E3-B9AA-42AA-BD05-113024E7913F}.Debug|Any CPU.Build.0 = Debug|Any CPU
		{FE9C16E3-B9AA-42AA-BD05-113024E7913F}.Release|Any CPU.ActiveCfg = Release|Any CPU
		{FE9C16E3-B9AA-42AA-BD05-113024E7913F}.Release|Any CPU.Build.0 = Release|Any CPU
	EndGlobalSection
	GlobalSection(SolutionProperties) = preSolution
		HideSolutionNode = FALSE
	EndGlobalSection
	GlobalSection(ExtensibilityGlobals) = postSolution
		SolutionGuid = {5DFE4CB3-9742-44FC-9FE6-8CDEA7FA39D3}
	EndGlobalSection
EndGlobal
