
Microsoft Visual Studio Solution File, Format Version 12.00
# Visual Studio Version 17
VisualStudioVersion = 17.0.31912.275
MinimumVisualStudioVersion = 10.0.40219.1
Project("{FAE04EC0-301F-11D3-BF4B-00C04F79EFBC}") = "Loops", "Loops\Loops.csproj", "{BD8E7285-1718-4ECD-B1F3-8BD53D57F257}"
EndProject
Global
	GlobalSection(SolutionConfigurationPlatforms) = preSolution
		Debug|Any CPU = Debug|Any CPU
		Release|Any CPU = Release|Any CPU
	EndGlobalSection
	GlobalSection(ProjectConfigurationPlatforms) = postSolution
		{BD8E7285-1718-4ECD-B1F3-8BD53D57F257}.Debug|Any CPU.ActiveCfg = Debug|Any CPU
		{BD8E7285-1718-4ECD-B1F3-8BD53D57F257}.Debug|Any CPU.Build.0 = Debug|Any CPU
		{BD8E7285-1718-4ECD-B1F3-8BD53D57F257}.Release|Any CPU.ActiveCfg = Release|Any CPU
		{BD8E7285-1718-4ECD-B1F3-8BD53D57F257}.Release|Any CPU.Build.0 = Release|Any CPU
	EndGlobalSection
	GlobalSection(SolutionProperties) = preSolution
		HideSolutionNode = FALSE
	EndGlobalSection
	GlobalSection(ExtensibilityGlobals) = postSolution
		SolutionGuid = {4C80A00A-1286-476A-84A3-D5019211022C}
	EndGlobalSection
EndGlobal
