
Microsoft Visual Studio Solution File, Format Version 12.00
# Visual Studio Version 17
VisualStudioVersion = 17.0.31912.275
MinimumVisualStudioVersion = 10.0.40219.1
Project("{FAE04EC0-301F-11D3-BF4B-00C04F79EFBC}") = "WindowsFormsApp1", "WindowsFormsApp1\WindowsFormsApp1.csproj", "{556F0491-7210-4FC7-8C67-D43A19DA126D}"
EndProject
Global
	GlobalSection(SolutionConfigurationPlatforms) = preSolution
		Debug|Any CPU = Debug|Any CPU
		Release|Any CPU = Release|Any CPU
	EndGlobalSection
	GlobalSection(ProjectConfigurationPlatforms) = postSolution
		{556F0491-7210-4FC7-8C67-D43A19DA126D}.Debug|Any CPU.ActiveCfg = Debug|Any CPU
		{556F0491-7210-4FC7-8C67-D43A19DA126D}.Debug|Any CPU.Build.0 = Debug|Any CPU
		{556F0491-7210-4FC7-8C67-D43A19DA126D}.Release|Any CPU.ActiveCfg = Release|Any CPU
		{556F0491-7210-4FC7-8C67-D43A19DA126D}.Release|Any CPU.Build.0 = Release|Any CPU
	EndGlobalSection
	GlobalSection(SolutionProperties) = preSolution
		HideSolutionNode = FALSE
	EndGlobalSection
	GlobalSection(ExtensibilityGlobals) = postSolution
		SolutionGuid = {8FCBD38D-5C4D-499A-9466-8DEB8B741673}
	EndGlobalSection
EndGlobal
