
Microsoft Visual Studio Solution File, Format Version 12.00
# Visual Studio Version 17
VisualStudioVersion = 17.3.32804.467
MinimumVisualStudioVersion = 10.0.40219.1
Project("{FAE04EC0-301F-11D3-BF4B-00C04F79EFBC}") = "MethodsC_Sharp", "MethodsC_Sharp\MethodsC_Sharp.csproj", "{2A5BA235-C001-454F-B815-299BECDA2E79}"
EndProject
Global
	GlobalSection(SolutionConfigurationPlatforms) = preSolution
		Debug|Any CPU = Debug|Any CPU
		Release|Any CPU = Release|Any CPU
	EndGlobalSection
	GlobalSection(ProjectConfigurationPlatforms) = postSolution
		{2A5BA235-C001-454F-B815-299BECDA2E79}.Debug|Any CPU.ActiveCfg = Debug|Any CPU
		{2A5BA235-C001-454F-B815-299BECDA2E79}.Debug|Any CPU.Build.0 = Debug|Any CPU
		{2A5BA235-C001-454F-B815-299BECDA2E79}.Release|Any CPU.ActiveCfg = Release|Any CPU
		{2A5BA235-C001-454F-B815-299BECDA2E79}.Release|Any CPU.Build.0 = Release|Any CPU
	EndGlobalSection
	GlobalSection(SolutionProperties) = preSolution
		HideSolutionNode = FALSE
	EndGlobalSection
	GlobalSection(ExtensibilityGlobals) = postSolution
		SolutionGuid = {1B518509-C0FA-4E37-8295-8EEAD5E06B28}
	EndGlobalSection
EndGlobal
