
Microsoft Visual Studio Solution File, Format Version 12.00
# Visual Studio Version 16
VisualStudioVersion = 16.0.31105.61
MinimumVisualStudioVersion = 10.0.40219.1
Project("{FAE04EC0-301F-11D3-BF4B-00C04F79EFBC}") = "10-Method_tutorialpoint", "10-Method_tutorialpoint\10-Method_tutorialpoint.csproj", "{CD546282-DA4E-4C14-B045-083B80FEA7BA}"
EndProject
Global
	GlobalSection(SolutionConfigurationPlatforms) = preSolution
		Debug|Any CPU = Debug|Any CPU
		Release|Any CPU = Release|Any CPU
	EndGlobalSection
	GlobalSection(ProjectConfigurationPlatforms) = postSolution
		{CD546282-DA4E-4C14-B045-083B80FEA7BA}.Debug|Any CPU.ActiveCfg = Debug|Any CPU
		{CD546282-DA4E-4C14-B045-083B80FEA7BA}.Debug|Any CPU.Build.0 = Debug|Any CPU
		{CD546282-DA4E-4C14-B045-083B80FEA7BA}.Release|Any CPU.ActiveCfg = Release|Any CPU
		{CD546282-DA4E-4C14-B045-083B80FEA7BA}.Release|Any CPU.Build.0 = Release|Any CPU
	EndGlobalSection
	GlobalSection(SolutionProperties) = preSolution
		HideSolutionNode = FALSE
	EndGlobalSection
	GlobalSection(ExtensibilityGlobals) = postSolution
		SolutionGuid = {D074E454-0059-4890-9475-09B53E7F684D}
	EndGlobalSection
EndGlobal
