
Microsoft Visual Studio Solution File, Format Version 12.00
# Visual Studio Version 17
VisualStudioVersion = 17.3.32804.467
MinimumVisualStudioVersion = 10.0.40219.1
Project("{FAE04EC0-301F-11D3-BF4B-00C04F79EFBC}") = "DataTypesC_Sharp", "DataTypesC_Sharp\DataTypesC_Sharp.csproj", "{DB35F622-FFAB-429F-AF66-3C7E6AD03D18}"
EndProject
Global
	GlobalSection(SolutionConfigurationPlatforms) = preSolution
		Debug|Any CPU = Debug|Any CPU
		Release|Any CPU = Release|Any CPU
	EndGlobalSection
	GlobalSection(ProjectConfigurationPlatforms) = postSolution
		{DB35F622-FFAB-429F-AF66-3C7E6AD03D18}.Debug|Any CPU.ActiveCfg = Debug|Any CPU
		{DB35F622-FFAB-429F-AF66-3C7E6AD03D18}.Debug|Any CPU.Build.0 = Debug|Any CPU
		{DB35F622-FFAB-429F-AF66-3C7E6AD03D18}.Release|Any CPU.ActiveCfg = Release|Any CPU
		{DB35F622-FFAB-429F-AF66-3C7E6AD03D18}.Release|Any CPU.Build.0 = Release|Any CPU
	EndGlobalSection
	GlobalSection(SolutionProperties) = preSolution
		HideSolutionNode = FALSE
	EndGlobalSection
	GlobalSection(ExtensibilityGlobals) = postSolution
		SolutionGuid = {587F8D34-149F-41A4-B0A8-941ABF22F892}
	EndGlobalSection
EndGlobal
