
Microsoft Visual Studio Solution File, Format Version 12.00
# Visual Studio Version 17
VisualStudioVersion = 17.9.34622.214
MinimumVisualStudioVersion = 10.0.40219.1
Project("{FAE04EC0-301F-11D3-BF4B-00C04F79EFBC}") = "Session02OOP", "Session02OOP\Session02OOP.csproj", "{DA49ED4F-E17A-4AD5-9017-9E59F75ABD92}"
EndProject
Global
	GlobalSection(SolutionConfigurationPlatforms) = preSolution
		Debug|Any CPU = Debug|Any CPU
		Release|Any CPU = Release|Any CPU
	EndGlobalSection
	GlobalSection(ProjectConfigurationPlatforms) = postSolution
		{DA49ED4F-E17A-4AD5-9017-9E59F75ABD92}.Debug|Any CPU.ActiveCfg = Debug|Any CPU
		{DA49ED4F-E17A-4AD5-9017-9E59F75ABD92}.Debug|Any CPU.Build.0 = Debug|Any CPU
		{DA49ED4F-E17A-4AD5-9017-9E59F75ABD92}.Release|Any CPU.ActiveCfg = Release|Any CPU
		{DA49ED4F-E17A-4AD5-9017-9E59F75ABD92}.Release|Any CPU.Build.0 = Release|Any CPU
	EndGlobalSection
	GlobalSection(SolutionProperties) = preSolution
		HideSolutionNode = FALSE
	EndGlobalSection
	GlobalSection(ExtensibilityGlobals) = postSolution
		SolutionGuid = {93F7DD75-FA80-4283-8AB7-BA1E026A51D6}
	EndGlobalSection
EndGlobal
