
Microsoft Visual Studio Solution File, Format Version 12.00
# Visual Studio Version 16
VisualStudioVersion = 16.0.31105.61
MinimumVisualStudioVersion = 10.0.40219.1
Project("{FAE04EC0-301F-11D3-BF4B-00C04F79EFBC}") = "day2Test1", "day2Test1\day2Test1.csproj", "{126E2FBD-9593-4282-8A9B-D2D28C352347}"
EndProject
Global
	GlobalSection(SolutionConfigurationPlatforms) = preSolution
		Debug|Any CPU = Debug|Any CPU
		Release|Any CPU = Release|Any CPU
	EndGlobalSection
	GlobalSection(ProjectConfigurationPlatforms) = postSolution
		{126E2FBD-9593-4282-8A9B-D2D28C352347}.Debug|Any CPU.ActiveCfg = Debug|Any CPU
		{126E2FBD-9593-4282-8A9B-D2D28C352347}.Debug|Any CPU.Build.0 = Debug|Any CPU
		{126E2FBD-9593-4282-8A9B-D2D28C352347}.Release|Any CPU.ActiveCfg = Release|Any CPU
		{126E2FBD-9593-4282-8A9B-D2D28C352347}.Release|Any CPU.Build.0 = Release|Any CPU
	EndGlobalSection
	GlobalSection(SolutionProperties) = preSolution
		HideSolutionNode = FALSE
	EndGlobalSection
	GlobalSection(ExtensibilityGlobals) = postSolution
		SolutionGuid = {F0F346D5-0F97-4766-825C-BF1CAA8E09F2}
	EndGlobalSection
EndGlobal
