
Microsoft Visual Studio Solution File, Format Version 12.00
# Visual Studio Version 17
VisualStudioVersion = 17.3.32804.467
MinimumVisualStudioVersion = 10.0.40219.1
Project("{FAE04EC0-301F-11D3-BF4B-00C04F79EFBC}") = "AnonymousCSharp", "AnonymousCSharp\AnonymousCSharp.csproj", "{AD34AFDF-0A8B-4BFA-BABA-53A8A9BA3A41}"
EndProject
Global
	GlobalSection(SolutionConfigurationPlatforms) = preSolution
		Debug|Any CPU = Debug|Any CPU
		Release|Any CPU = Release|Any CPU
	EndGlobalSection
	GlobalSection(ProjectConfigurationPlatforms) = postSolution
		{AD34AFDF-0A8B-4BFA-BABA-53A8A9BA3A41}.Debug|Any CPU.ActiveCfg = Debug|Any CPU
		{AD34AFDF-0A8B-4BFA-BABA-53A8A9BA3A41}.Debug|Any CPU.Build.0 = Debug|Any CPU
		{AD34AFDF-0A8B-4BFA-BABA-53A8A9BA3A41}.Release|Any CPU.ActiveCfg = Release|Any CPU
		{AD34AFDF-0A8B-4BFA-BABA-53A8A9BA3A41}.Release|Any CPU.Build.0 = Release|Any CPU
	EndGlobalSection
	GlobalSection(SolutionProperties) = preSolution
		HideSolutionNode = FALSE
	EndGlobalSection
	GlobalSection(ExtensibilityGlobals) = postSolution
		SolutionGuid = {59D5B639-28F9-4314-B2D1-025F2CEB4C11}
	EndGlobalSection
EndGlobal
