
Microsoft Visual Studio Solution File, Format Version 12.00
# Visual Studio Version 17
VisualStudioVersion = 17.3.32804.467
MinimumVisualStudioVersion = 10.0.40219.1
Project("{FAE04EC0-301F-11D3-BF4B-00C04F79EFBC}") = "ClubMembershipApp", "ClubMembershipApp\ClubMembershipApp.csproj", "{EC0EDB28-89E2-48A6-89B4-8DC6DDF89752}"
EndProject
Project("{FAE04EC0-301F-11D3-BF4B-00C04F79EFBC}") = "FieldValidatorAPI", "FieldValidatorAPI\FieldValidatorAPI.csproj", "{4E68872F-5548-4BB8-B4AE-8140A6D581B4}"
EndProject
Global
	GlobalSection(SolutionConfigurationPlatforms) = preSolution
		Debug|Any CPU = Debug|Any CPU
		Release|Any CPU = Release|Any CPU
	EndGlobalSection
	GlobalSection(ProjectConfigurationPlatforms) = postSolution
		{EC0EDB28-89E2-48A6-89B4-8DC6DDF89752}.Debug|Any CPU.ActiveCfg = Debug|Any CPU
		{EC0EDB28-89E2-48A6-89B4-8DC6DDF89752}.Debug|Any CPU.Build.0 = Debug|Any CPU
		{EC0EDB28-89E2-48A6-89B4-8DC6DDF89752}.Release|Any CPU.ActiveCfg = Release|Any CPU
		{EC0EDB28-89E2-48A6-89B4-8DC6DDF89752}.Release|Any CPU.Build.0 = Release|Any CPU
		{4E68872F-5548-4BB8-B4AE-8140A6D581B4}.Debug|Any CPU.ActiveCfg = Debug|Any CPU
		{4E68872F-5548-4BB8-B4AE-8140A6D581B4}.Debug|Any CPU.Build.0 = Debug|Any CPU
		{4E68872F-5548-4BB8-B4AE-8140A6D581B4}.Release|Any CPU.ActiveCfg = Release|Any CPU
		{4E68872F-5548-4BB8-B4AE-8140A6D581B4}.Release|Any CPU.Build.0 = Release|Any CPU
	EndGlobalSection
	GlobalSection(SolutionProperties) = preSolution
		HideSolutionNode = FALSE
	EndGlobalSection
	GlobalSection(ExtensibilityGlobals) = postSolution
		SolutionGuid = {12BED936-F788-4352-A0DC-F9E8F4B23591}
	EndGlobalSection
EndGlobal
