
Microsoft Visual Studio Solution File, Format Version 12.00
# Visual Studio Version 17
VisualStudioVersion = 17.3.32804.467
MinimumVisualStudioVersion = 10.0.40219.1
Project("{FAE04EC0-301F-11D3-BF4B-00C04F79EFBC}") = "ConsoleApp4", "ConsoleApp4\ConsoleApp4.csproj", "{AB5279BA-94A8-4130-A1D8-99283DCF5840}"
EndProject
Global
	GlobalSection(SolutionConfigurationPlatforms) = preSolution
		Debug|Any CPU = Debug|Any CPU
		Release|Any CPU = Release|Any CPU
	EndGlobalSection
	GlobalSection(ProjectConfigurationPlatforms) = postSolution
		{AB5279BA-94A8-4130-A1D8-99283DCF5840}.Debug|Any CPU.ActiveCfg = Debug|Any CPU
		{AB5279BA-94A8-4130-A1D8-99283DCF5840}.Debug|Any CPU.Build.0 = Debug|Any CPU
		{AB5279BA-94A8-4130-A1D8-99283DCF5840}.Release|Any CPU.ActiveCfg = Release|Any CPU
		{AB5279BA-94A8-4130-A1D8-99283DCF5840}.Release|Any CPU.Build.0 = Release|Any CPU
	EndGlobalSection
	GlobalSection(SolutionProperties) = preSolution
		HideSolutionNode = FALSE
	EndGlobalSection
	GlobalSection(ExtensibilityGlobals) = postSolution
		SolutionGuid = {BF009C97-0D6C-453C-9114-0BF07B5758F4}
	EndGlobalSection
EndGlobal
