
Microsoft Visual Studio Solution File, Format Version 12.00
# Visual Studio Version 17
VisualStudioVersion = 17.3.32804.467
MinimumVisualStudioVersion = 10.0.40219.1
Project("{FAE04EC0-301F-11D3-BF4B-00C04F79EFBC}") = "TypeConversionC_Sharp", "TypeConversionC_Sharp\TypeConversionC_Sharp.csproj", "{BEEC6344-5008-47D6-A7E2-6953950412CF}"
EndProject
Global
	GlobalSection(SolutionConfigurationPlatforms) = preSolution
		Debug|Any CPU = Debug|Any CPU
		Release|Any CPU = Release|Any CPU
	EndGlobalSection
	GlobalSection(ProjectConfigurationPlatforms) = postSolution
		{BEEC6344-5008-47D6-A7E2-6953950412CF}.Debug|Any CPU.ActiveCfg = Debug|Any CPU
		{BEEC6344-5008-47D6-A7E2-6953950412CF}.Debug|Any CPU.Build.0 = Debug|Any CPU
		{BEEC6344-5008-47D6-A7E2-6953950412CF}.Release|Any CPU.ActiveCfg = Release|Any CPU
		{BEEC6344-5008-47D6-A7E2-6953950412CF}.Release|Any CPU.Build.0 = Release|Any CPU
	EndGlobalSection
	GlobalSection(SolutionProperties) = preSolution
		HideSolutionNode = FALSE
	EndGlobalSection
	GlobalSection(ExtensibilityGlobals) = postSolution
		SolutionGuid = {28505C20-0CE4-4481-997B-A43D4938D03F}
	EndGlobalSection
EndGlobal
