
Microsoft Visual Studio Solution File, Format Version 12.00
# Visual Studio Version 16
VisualStudioVersion = 16.0.31105.61
MinimumVisualStudioVersion = 10.0.40219.1
Project("{FAE04EC0-301F-11D3-BF4B-00C04F79EFBC}") = "8-Loop_tutorialpoint", "8-Loop_tutorialpoint\8-Loop_tutorialpoint.csproj", "{E82233B5-1C81-4512-A225-5BF0AED3881D}"
EndProject
Global
	GlobalSection(SolutionConfigurationPlatforms) = preSolution
		Debug|Any CPU = Debug|Any CPU
		Release|Any CPU = Release|Any CPU
	EndGlobalSection
	GlobalSection(ProjectConfigurationPlatforms) = postSolution
		{E82233B5-1C81-4512-A225-5BF0AED3881D}.Debug|Any CPU.ActiveCfg = Debug|Any CPU
		{E82233B5-1C81-4512-A225-5BF0AED3881D}.Debug|Any CPU.Build.0 = Debug|Any CPU
		{E82233B5-1C81-4512-A225-5BF0AED3881D}.Release|Any CPU.ActiveCfg = Release|Any CPU
		{E82233B5-1C81-4512-A225-5BF0AED3881D}.Release|Any CPU.Build.0 = Release|Any CPU
	EndGlobalSection
	GlobalSection(SolutionProperties) = preSolution
		HideSolutionNode = FALSE
	EndGlobalSection
	GlobalSection(ExtensibilityGlobals) = postSolution
		SolutionGuid = {EB40FCCB-294B-48C1-B39B-B64CB5D33194}
	EndGlobalSection
EndGlobal
