
Microsoft Visual Studio Solution File, Format Version 12.00
# Visual Studio Version 17
VisualStudioVersion = 17.3.32804.467
MinimumVisualStudioVersion = 10.0.40219.1
Project("{FAE04EC0-301F-11D3-BF4B-00C04F79EFBC}") = "FileStreamCSharp", "FileStreamCSharp\FileStreamCSharp.csproj", "{A999744A-A620-4CD5-88FF-0E9BCE8DE268}"
EndProject
Global
	GlobalSection(SolutionConfigurationPlatforms) = preSolution
		Debug|Any CPU = Debug|Any CPU
		Release|Any CPU = Release|Any CPU
	EndGlobalSection
	GlobalSection(ProjectConfigurationPlatforms) = postSolution
		{A999744A-A620-4CD5-88FF-0E9BCE8DE268}.Debug|Any CPU.ActiveCfg = Debug|Any CPU
		{A999744A-A620-4CD5-88FF-0E9BCE8DE268}.Debug|Any CPU.Build.0 = Debug|Any CPU
		{A999744A-A620-4CD5-88FF-0E9BCE8DE268}.Release|Any CPU.ActiveCfg = Release|Any CPU
		{A999744A-A620-4CD5-88FF-0E9BCE8DE268}.Release|Any CPU.Build.0 = Release|Any CPU
	EndGlobalSection
	GlobalSection(SolutionProperties) = preSolution
		HideSolutionNode = FALSE
	EndGlobalSection
	GlobalSection(ExtensibilityGlobals) = postSolution
		SolutionGuid = {689985D0-AD31-49EE-948B-2CCBF81A0A09}
	EndGlobalSection
EndGlobal
