
Microsoft Visual Studio Solution File, Format Version 12.00
# Visual Studio Version 17
VisualStudioVersion = 17.3.32804.467
MinimumVisualStudioVersion = 10.0.40219.1
Project("{FAE04EC0-301F-11D3-BF4B-00C04F79EFBC}") = "ClubMembershipApplication", "ClubMembershipApplication\ClubMembershipApplication.csproj", "{58A3078F-7ACC-4CBC-9464-884ADE623D9A}"
EndProject
Global
	GlobalSection(SolutionConfigurationPlatforms) = preSolution
		Debug|Any CPU = Debug|Any CPU
		Release|Any CPU = Release|Any CPU
	EndGlobalSection
	GlobalSection(ProjectConfigurationPlatforms) = postSolution
		{58A3078F-7ACC-4CBC-9464-884ADE623D9A}.Debug|Any CPU.ActiveCfg = Debug|Any CPU
		{58A3078F-7ACC-4CBC-9464-884ADE623D9A}.Debug|Any CPU.Build.0 = Debug|Any CPU
		{58A3078F-7ACC-4CBC-9464-884ADE623D9A}.Release|Any CPU.ActiveCfg = Release|Any CPU
		{58A3078F-7ACC-4CBC-9464-884ADE623D9A}.Release|Any CPU.Build.0 = Release|Any CPU
	EndGlobalSection
	GlobalSection(SolutionProperties) = preSolution
		HideSolutionNode = FALSE
	EndGlobalSection
	GlobalSection(ExtensibilityGlobals) = postSolution
		SolutionGuid = {1F1E686A-0D8E-4406-8EFB-4EA7F1E0D9AC}
	EndGlobalSection
EndGlobal
