
Microsoft Visual Studio Solution File, Format Version 12.00
# Visual Studio Version 17
VisualStudioVersion = 17.3.32804.467
MinimumVisualStudioVersion = 10.0.40219.1
Project("{FAE04EC0-301F-11D3-BF4B-00C04F79EFBC}") = "Class_1_C_Sharp", "Class_1_C_Sharp\Class_1_C_Sharp.csproj", "{B9269CB4-B30B-4784-9AE1-98EB131D5379}"
EndProject
Global
	GlobalSection(SolutionConfigurationPlatforms) = preSolution
		Debug|Any CPU = Debug|Any CPU
		Release|Any CPU = Release|Any CPU
	EndGlobalSection
	GlobalSection(ProjectConfigurationPlatforms) = postSolution
		{B9269CB4-B30B-4784-9AE1-98EB131D5379}.Debug|Any CPU.ActiveCfg = Debug|Any CPU
		{B9269CB4-B30B-4784-9AE1-98EB131D5379}.Debug|Any CPU.Build.0 = Debug|Any CPU
		{B9269CB4-B30B-4784-9AE1-98EB131D5379}.Release|Any CPU.ActiveCfg = Release|Any CPU
		{B9269CB4-B30B-4784-9AE1-98EB131D5379}.Release|Any CPU.Build.0 = Release|Any CPU
	EndGlobalSection
	GlobalSection(SolutionProperties) = preSolution
		HideSolutionNode = FALSE
	EndGlobalSection
	GlobalSection(ExtensibilityGlobals) = postSolution
		SolutionGuid = {F759E4F4-D7E4-4C36-AA1B-1ACCCB0FB9AD}
	EndGlobalSection
EndGlobal
