
Microsoft Visual Studio Solution File, Format Version 12.00
# Visual Studio Version 17
VisualStudioVersion = 17.3.32804.467
MinimumVisualStudioVersion = 10.0.40219.1
Project("{FAE04EC0-301F-11D3-BF4B-00C04F79EFBC}") = "SwitchCaseC_Sharp", "SwitchCaseC_Sharp\SwitchCaseC_Sharp.csproj", "{4FAC94DD-451D-44D9-82EF-1ED5A1FA2EBC}"
EndProject
Global
	GlobalSection(SolutionConfigurationPlatforms) = preSolution
		Debug|Any CPU = Debug|Any CPU
		Release|Any CPU = Release|Any CPU
	EndGlobalSection
	GlobalSection(ProjectConfigurationPlatforms) = postSolution
		{4FAC94DD-451D-44D9-82EF-1ED5A1FA2EBC}.Debug|Any CPU.ActiveCfg = Debug|Any CPU
		{4FAC94DD-451D-44D9-82EF-1ED5A1FA2EBC}.Debug|Any CPU.Build.0 = Debug|Any CPU
		{4FAC94DD-451D-44D9-82EF-1ED5A1FA2EBC}.Release|Any CPU.ActiveCfg = Release|Any CPU
		{4FAC94DD-451D-44D9-82EF-1ED5A1FA2EBC}.Release|Any CPU.Build.0 = Release|Any CPU
	EndGlobalSection
	GlobalSection(SolutionProperties) = preSolution
		HideSolutionNode = FALSE
	EndGlobalSection
	GlobalSection(ExtensibilityGlobals) = postSolution
		SolutionGuid = {6859CEB8-B22C-4AF0-A1C6-BEDA30447C3C}
	EndGlobalSection
EndGlobal
