
Microsoft Visual Studio Solution File, Format Version 12.00
# Visual Studio Version 17
VisualStudioVersion = 17.5.33502.453
MinimumVisualStudioVersion = 10.0.40219.1
Project("{FAE04EC0-301F-11D3-BF4B-00C04F79EFBC}") = "CSharp3", "CSharp3.csproj", "{AB8199B3-6C9C-428B-A6B2-138F3FAB385C}"
EndProject
Global
	GlobalSection(SolutionConfigurationPlatforms) = preSolution
		Debug|Any CPU = Debug|Any CPU
		Release|Any CPU = Release|Any CPU
	EndGlobalSection
	GlobalSection(ProjectConfigurationPlatforms) = postSolution
		{AB8199B3-6C9C-428B-A6B2-138F3FAB385C}.Debug|Any CPU.ActiveCfg = Debug|Any CPU
		{AB8199B3-6C9C-428B-A6B2-138F3FAB385C}.Debug|Any CPU.Build.0 = Debug|Any CPU
		{AB8199B3-6C9C-428B-A6B2-138F3FAB385C}.Release|Any CPU.ActiveCfg = Release|Any CPU
		{AB8199B3-6C9C-428B-A6B2-138F3FAB385C}.Release|Any CPU.Build.0 = Release|Any CPU
	EndGlobalSection
	GlobalSection(SolutionProperties) = preSolution
		HideSolutionNode = FALSE
	EndGlobalSection
	GlobalSection(ExtensibilityGlobals) = postSolution
		SolutionGuid = {1DF207E6-9B6A-4CE1-BB28-10F486C0DABB}
	EndGlobalSection
EndGlobal
