
Microsoft Visual Studio Solution File, Format Version 12.00
# Visual Studio Version 17
VisualStudioVersion = 17.9.34622.214
MinimumVisualStudioVersion = 10.0.40219.1
Project("{9A19103F-16F7-4668-BE54-9A1E7A4F7556}") = "Session01OOP", "Session01OOP\Session01OOP.csproj", "{EB78A03E-C06C-419D-8227-55AB2E087AD7}"
EndProject
Project("{9A19103F-16F7-4668-BE54-9A1E7A4F7556}") = "Day 01", "AccessModifier\Day 01.csproj", "{0A3CA3C1-A2C9-4451-97F9-89CFE357EAB8}"
EndProject
Project("{FAE04EC0-301F-11D3-BF4B-00C04F79EFBC}") = "Assignment", "Assignment\Assignment.csproj", "{AA830E56-D5C2-43F4-A1BD-00D64E77A92A}"
EndProject
Global
	GlobalSection(SolutionConfigurationPlatforms) = preSolution
		Debug|Any CPU = Debug|Any CPU
		Release|Any CPU = Release|Any CPU
	EndGlobalSection
	GlobalSection(ProjectConfigurationPlatforms) = postSolution
		{EB78A03E-C06C-419D-8227-55AB2E087AD7}.Debug|Any CPU.ActiveCfg = Debug|Any CPU
		{EB78A03E-C06C-419D-8227-55AB2E087AD7}.Debug|Any CPU.Build.0 = Debug|Any CPU
		{EB78A03E-C06C-419D-8227-55AB2E087AD7}.Release|Any CPU.ActiveCfg = Release|Any CPU
		{EB78A03E-C06C-419D-8227-55AB2E087AD7}.Release|Any CPU.Build.0 = Release|Any CPU
		{0A3CA3C1-A2C9-4451-97F9-89CFE357EAB8}.Debug|Any CPU.ActiveCfg = Debug|Any CPU
		{0A3CA3C1-A2C9-4451-97F9-89CFE357EAB8}.Debug|Any CPU.Build.0 = Debug|Any CPU
		{0A3CA3C1-A2C9-4451-97F9-89CFE357EAB8}.Release|Any CPU.ActiveCfg = Release|Any CPU
		{0A3CA3C1-A2C9-4451-97F9-89CFE357EAB8}.Release|Any CPU.Build.0 = Release|Any CPU
		{AA830E56-D5C2-43F4-A1BD-00D64E77A92A}.Debug|Any CPU.ActiveCfg = Debug|Any CPU
		{AA830E56-D5C2-43F4-A1BD-00D64E77A92A}.Debug|Any CPU.Build.0 = Debug|Any CPU
		{AA830E56-D5C2-43F4-A1BD-00D64E77A92A}.Release|Any CPU.ActiveCfg = Release|Any CPU
		{AA830E56-D5C2-43F4-A1BD-00D64E77A92A}.Release|Any CPU.Build.0 = Release|Any CPU
	EndGlobalSection
	GlobalSection(SolutionProperties) = preSolution
		HideSolutionNode = FALSE
	EndGlobalSection
	GlobalSection(ExtensibilityGlobals) = postSolution
		SolutionGuid = {FD1C1601-B747-4059-BCAB-F075FBBA4B65}
	EndGlobalSection
EndGlobal
