
Microsoft Visual Studio Solution File, Format Version 12.00
# Visual Studio Version 16
VisualStudioVersion = 16.0.31105.61
MinimumVisualStudioVersion = 10.0.40219.1
Project("{FAE04EC0-301F-11D3-BF4B-00C04F79EFBC}") = "17-Operator Overloading_tutorial", "17-Operator Overloading_tutorial\17-Operator Overloading_tutorial.csproj", "{E4DAB3E0-4D92-4A06-B169-DC3133CE6456}"
EndProject
Global
	GlobalSection(SolutionConfigurationPlatforms) = preSolution
		Debug|Any CPU = Debug|Any CPU
		Release|Any CPU = Release|Any CPU
	EndGlobalSection
	GlobalSection(ProjectConfigurationPlatforms) = postSolution
		{E4DAB3E0-4D92-4A06-B169-DC3133CE6456}.Debug|Any CPU.ActiveCfg = Debug|Any CPU
		{E4DAB3E0-4D92-4A06-B169-DC3133CE6456}.Debug|Any CPU.Build.0 = Debug|Any CPU
		{E4DAB3E0-4D92-4A06-B169-DC3133CE6456}.Release|Any CPU.ActiveCfg = Release|Any CPU
		{E4DAB3E0-4D92-4A06-B169-DC3133CE6456}.Release|Any CPU.Build.0 = Release|Any CPU
	EndGlobalSection
	GlobalSection(SolutionProperties) = preSolution
		HideSolutionNode = FALSE
	EndGlobalSection
	GlobalSection(ExtensibilityGlobals) = postSolution
		SolutionGuid = {AD4FAE24-2120-4978-975B-20B287BA7F39}
	EndGlobalSection
EndGlobal
