
Microsoft Visual Studio Solution File, Format Version 12.00
# Visual Studio Version 17
VisualStudioVersion = 17.3.32804.467
MinimumVisualStudioVersion = 10.0.40219.1
Project("{FAE04EC0-301F-11D3-BF4B-00C04F79EFBC}") = "FuncCSharp", "FuncCSharp\FuncCSharp.csproj", "{572C196B-6971-4595-84E2-7D2E5652E71B}"
EndProject
Global
	GlobalSection(SolutionConfigurationPlatforms) = preSolution
		Debug|Any CPU = Debug|Any CPU
		Release|Any CPU = Release|Any CPU
	EndGlobalSection
	GlobalSection(ProjectConfigurationPlatforms) = postSolution
		{572C196B-6971-4595-84E2-7D2E5652E71B}.Debug|Any CPU.ActiveCfg = Debug|Any CPU
		{572C196B-6971-4595-84E2-7D2E5652E71B}.Debug|Any CPU.Build.0 = Debug|Any CPU
		{572C196B-6971-4595-84E2-7D2E5652E71B}.Release|Any CPU.ActiveCfg = Release|Any CPU
		{572C196B-6971-4595-84E2-7D2E5652E71B}.Release|Any CPU.Build.0 = Release|Any CPU
	EndGlobalSection
	GlobalSection(SolutionProperties) = preSolution
		HideSolutionNode = FALSE
	EndGlobalSection
	GlobalSection(ExtensibilityGlobals) = postSolution
		SolutionGuid = {5D842B54-8F4C-48B1-A9D7-49041A8E010B}
	EndGlobalSection
EndGlobal
