
Microsoft Visual Studio Solution File, Format Version 12.00
# Visual Studio Version 16
VisualStudioVersion = 16.0.31105.61
MinimumVisualStudioVersion = 10.0.40219.1
Project("{FAE04EC0-301F-11D3-BF4B-00C04F79EFBC}") = "14-Class_tutorial", "14-Class_tutorial\14-Class_tutorial.csproj", "{AF704D1E-6582-4B65-B539-36ED1DE88531}"
EndProject
Global
	GlobalSection(SolutionConfigurationPlatforms) = preSolution
		Debug|Any CPU = Debug|Any CPU
		Release|Any CPU = Release|Any CPU
	EndGlobalSection
	GlobalSection(ProjectConfigurationPlatforms) = postSolution
		{AF704D1E-6582-4B65-B539-36ED1DE88531}.Debug|Any CPU.ActiveCfg = Debug|Any CPU
		{AF704D1E-6582-4B65-B539-36ED1DE88531}.Debug|Any CPU.Build.0 = Debug|Any CPU
		{AF704D1E-6582-4B65-B539-36ED1DE88531}.Release|Any CPU.ActiveCfg = Release|Any CPU
		{AF704D1E-6582-4B65-B539-36ED1DE88531}.Release|Any CPU.Build.0 = Release|Any CPU
	EndGlobalSection
	GlobalSection(SolutionProperties) = preSolution
		HideSolutionNode = FALSE
	EndGlobalSection
	GlobalSection(ExtensibilityGlobals) = postSolution
		SolutionGuid = {FDF2A982-5F1C-4E6B-B752-FBEE9DA89B24}
	EndGlobalSection
EndGlobal
